
Microsoft Visual Studio Solution File, Format Version 12.00
# Visual Studio Version 16
VisualStudioVersion = 16.0.30503.244
MinimumVisualStudioVersion = 10.0.40219.1
Project("{FAE04EC0-301F-11D3-BF4B-00C04F79EFBC}") = "TresEnRaya", "TresEnRaya\TresEnRaya.csproj", "{90ABD821-967E-4FA8-937D-3E9EBEBDE9BE}"
EndProject
Global
	GlobalSection(SolutionConfigurationPlatforms) = preSolution
		Debug|Any CPU = Debug|Any CPU
		Release|Any CPU = Release|Any CPU
	EndGlobalSection
	GlobalSection(ProjectConfigurationPlatforms) = postSolution
		{90ABD821-967E-4FA8-937D-3E9EBEBDE9BE}.Debug|Any CPU.ActiveCfg = Debug|Any CPU
		{90ABD821-967E-4FA8-937D-3E9EBEBDE9BE}.Debug|Any CPU.Build.0 = Debug|Any CPU
		{90ABD821-967E-4FA8-937D-3E9EBEBDE9BE}.Release|Any CPU.ActiveCfg = Release|Any CPU
		{90ABD821-967E-4FA8-937D-3E9EBEBDE9BE}.Release|Any CPU.Build.0 = Release|Any CPU
	EndGlobalSection
	GlobalSection(SolutionProperties) = preSolution
		HideSolutionNode = FALSE
	EndGlobalSection
	GlobalSection(ExtensibilityGlobals) = postSolution
		SolutionGuid = {7A93A15D-3C5E-48F5-B4FA-1E004B896B28}
	EndGlobalSection
EndGlobal
